<?xml version="1.0" encoding="utf-8"?>
<Project ToolsVersion="4.0" xmlns="http://schemas.microsoft.com/developer/msbuild/2003">
  <ItemGroup>
    <Filter Include="Source Files">
      <UniqueIdentifier>{4FC737F1-C7A5-4376-A066-2A32D752A2FF}</UniqueIdentifier>
      <Extensions>cpp;c;cc;cxx;def;odl;idl;hpj;bat;asm;asmx</Extensions>
    </Filter>
    <Filter Include="Header Files">
      <UniqueIdentifier>{93995380-89BD-4b04-88EB-625FBE52EBFB}</UniqueIdentifier>
      <Extensions>h;hpp;hxx;hm;inl;inc;xsd</Extensions>
    </Filter>
    <Filter Include="Resource Files">
      <UniqueIdentifier>{67DA6AB6-F800-4c08-8B7A-83BB121AAD01}</UniqueIdentifier>
      <Extensions>rc;ico;cur;bmp;dlg;rc2;rct;bin;rgs;gif;jpg;jpeg;jpe;resx;tiff;tif;png;wav</Extensions>
    </Filter>
  </ItemGroup>
  <ItemGroup>
    <ClCompile Include="abs\abs.cpp">
      <Filter>Source Files</Filter>
    </ClCompile>
    <ClCompile Include="acos\acos.cpp">
      <Filter>Source Files</Filter>
    </ClCompile>
    <ClCompile Include="addition operator\addition operator.cpp">
      <Filter>Source Files</Filter>
    </ClCompile>
    <ClCompile Include="all\all.cpp">
      <Filter>Source Files</Filter>
    </ClCompile>
    <ClCompile Include="any\any.cpp">
      <Filter>Source Files</Filter>
    </ClCompile>
    <ClCompile Include="asin\asin.cpp">
      <Filter>Source Files</Filter>
    </ClCompile>
    <ClCompile Include="assignment operator\assignment operator.cpp">
      <Filter>Source Files</Filter>
    </ClCompile>
    <ClCompile Include="atan\atan.cpp">
      <Filter>Source Files</Filter>
    </ClCompile>
    <ClCompile Include="bitwise and operator\bitwise and operator.cpp">
      <Filter>Source Files</Filter>
    </ClCompile>
    <ClCompile Include="bitwise or operator\bitwise or operator.cpp">
      <Filter>Source Files</Filter>
    </ClCompile>
    <ClCompile Include="bitwise Xor assignment operator\bitwise Xor assignment operator.cpp">
      <Filter>Source Files</Filter>
    </ClCompile>
    <ClCompile Include="bitwise Xor operator\bitwise Xor operator.cpp">
      <Filter>Source Files</Filter>
    </ClCompile>
    <ClCompile Include="ceil\ceil.cpp">
      <Filter>Source Files</Filter>
    </ClCompile>
    <ClCompile Include="colon\colon.cpp">
      <Filter>Source Files</Filter>
    </ClCompile>
    <ClCompile Include="cos\cos.cpp">
      <Filter>Source Files</Filter>
    </ClCompile>
    <ClCompile Include="cosh\cosh.cpp">
      <Filter>Source Files</Filter>
    </ClCompile>
    <ClCompile Include="diag\diag.cpp">
      <Filter>Source Files</Filter>
    </ClCompile>
    <ClCompile Include="division assignment operator\division assignment operator.cpp">
      <Filter>Source Files</Filter>
    </ClCompile>
    <ClCompile Include="division operator\division operator.cpp">
      <Filter>Source Files</Filter>
    </ClCompile>
    <ClCompile Include="equality operator\equality operator.cpp">
      <Filter>Source Files</Filter>
    </ClCompile>
    <ClCompile Include="exp\exp.cpp">
      <Filter>Source Files</Filter>
    </ClCompile>
    <ClCompile Include="eye\eye.cpp">
      <Filter>Source Files</Filter>
    </ClCompile>
    <ClCompile Include="floor\floor.cpp">
      <Filter>Source Files</Filter>
    </ClCompile>
    <ClCompile Include="function operator\function operator.cpp">
      <Filter>Source Files</Filter>
    </ClCompile>
    <ClCompile Include="greater than operator\greater than operator.cpp">
      <Filter>Source Files</Filter>
    </ClCompile>
    <ClCompile Include="greater than or equal operator\greater than or equal operator.cpp">
      <Filter>Source Files</Filter>
    </ClCompile>
    <ClCompile Include="hilb\hilb.cpp">
      <Filter>Source Files</Filter>
    </ClCompile>
    <ClCompile Include="length\length.cpp">
      <Filter>Source Files</Filter>
    </ClCompile>
    <ClCompile Include="less than operator\less than operator.cpp">
      <Filter>Source Files</Filter>
    </ClCompile>
    <ClCompile Include="less than or equal operator\less than or equal operator.cpp">
      <Filter>Source Files</Filter>
    </ClCompile>
    <ClCompile Include="linspace\linspace.cpp">
      <Filter>Source Files</Filter>
    </ClCompile>
    <ClCompile Include="log\log.cpp">
      <Filter>Source Files</Filter>
    </ClCompile>
    <ClCompile Include="log10\log10.cpp">
      <Filter>Source Files</Filter>
    </ClCompile>
    <ClCompile Include="logical and operator\logical and operator.cpp">
      <Filter>Source Files</Filter>
    </ClCompile>
    <ClCompile Include="logical not operator\logical not operator.cpp">
      <Filter>Source Files</Filter>
    </ClCompile>
    <ClCompile Include="logical or operator\logical or operator.cpp">
      <Filter>Source Files</Filter>
    </ClCompile>
    <ClCompile Include="Matrix constractor\Matrix constractor.cpp">
      <Filter>Source Files</Filter>
    </ClCompile>
    <ClCompile Include="Matrix destractor\Matrix destractor.cpp">
      <Filter>Source Files</Filter>
    </ClCompile>
    <ClCompile Include="max\max.cpp">
      <Filter>Source Files</Filter>
    </ClCompile>
    <ClCompile Include="min\min.cpp">
      <Filter>Source Files</Filter>
    </ClCompile>
    <ClCompile Include="modulus operator\modulus operator.cpp">
      <Filter>Source Files</Filter>
    </ClCompile>
    <ClCompile Include="multiplication assignment operator\multiplication assignment operator.cpp">
      <Filter>Source Files</Filter>
    </ClCompile>
    <ClCompile Include="multiplication operator\multiplication operator.cpp">
      <Filter>Source Files</Filter>
    </ClCompile>
    <ClCompile Include="ones\ones.cpp">
      <Filter>Source Files</Filter>
    </ClCompile>
    <ClCompile Include="polyval\polyval.cpp">
      <Filter>Source Files</Filter>
    </ClCompile>
    <ClCompile Include="prod\prod.cpp">
      <Filter>Source Files</Filter>
    </ClCompile>
    <ClCompile Include="rand\rand.cpp">
      <Filter>Source Files</Filter>
    </ClCompile>
    <ClCompile Include="resize\resize.cpp">
      <Filter>Source Files</Filter>
    </ClCompile>
    <ClCompile Include="sin\sin.cpp">
      <Filter>Source Files</Filter>
    </ClCompile>
    <ClCompile Include="sinh\sinh.cpp">
      <Filter>Source Files</Filter>
    </ClCompile>
    <ClCompile Include="size\size.cpp">
      <Filter>Source Files</Filter>
    </ClCompile>
    <ClCompile Include="sqrt\sqrt.cpp">
      <Filter>Source Files</Filter>
    </ClCompile>
    <ClCompile Include="stream extraction operator\stream extraction operator.cpp">
      <Filter>Source Files</Filter>
    </ClCompile>
    <ClCompile Include="stream insertion operator\stream insertion operator.cpp">
      <Filter>Source Files</Filter>
    </ClCompile>
    <ClCompile Include="subtraction operator\subtraction operator.cpp">
      <Filter>Source Files</Filter>
    </ClCompile>
    <ClCompile Include="sum\sum.cpp">
      <Filter>Source Files</Filter>
    </ClCompile>
    <ClCompile Include="tan\tan.cpp">
      <Filter>Source Files</Filter>
    </ClCompile>
    <ClCompile Include="tanh\tanh.cpp">
      <Filter>Source Files</Filter>
    </ClCompile>
    <ClCompile Include="main\test.cpp">
      <Filter>Source Files</Filter>
    </ClCompile>
    <ClCompile Include="tic-toc\tic-toc.cpp">
      <Filter>Source Files</Filter>
    </ClCompile>
    <ClCompile Include="toMatrix\toMatrix.cpp">
      <Filter>Source Files</Filter>
    </ClCompile>
    <ClCompile Include="transpose\transpose.cpp">
      <Filter>Source Files</Filter>
    </ClCompile>
    <ClCompile Include="unary minus operator\unary minus operator.cpp">
      <Filter>Source Files</Filter>
    </ClCompile>
    <ClCompile Include="unary plus operator\unary plus operator.cpp">
      <Filter>Source Files</Filter>
    </ClCompile>
    <ClCompile Include="unequality operator\unequality operator.cpp">
      <Filter>Source Files</Filter>
    </ClCompile>
    <ClCompile Include="vector constractor\Vector constractor.cpp">
      <Filter>Source Files</Filter>
    </ClCompile>
    <ClCompile Include="vector destructor\Vector destractor.cpp">
      <Filter>Source Files</Filter>
    </ClCompile>
    <ClCompile Include="zeros\zeros.cpp">
      <Filter>Source Files</Filter>
    </ClCompile>
    <ClCompile Include="utility tic-toc.cpp">
      <Filter>Source Files</Filter>
    </ClCompile>
  </ItemGroup>
  <ItemGroup>
    <ClInclude Include="anticast.h">
      <Filter>Header Files</Filter>
    </ClInclude>
    <ClInclude Include="colon\colon.h">
      <Filter>Header Files</Filter>
    </ClInclude>
    <ClInclude Include="Real Matrices and Vectors.h">
      <Filter>Header Files</Filter>
    </ClInclude>
    <ClInclude Include="utility.h">
      <Filter>Header Files</Filter>
    </ClInclude>
  </ItemGroup>
</Project>