<?xml version="1.0" encoding="utf-8"?>
<Project ToolsVersion="4.0" xmlns="http://schemas.microsoft.com/developer/msbuild/2003">
  <ItemGroup>
    <Filter Include="Source Files">
      <UniqueIdentifier>{4FC737F1-C7A5-4376-A066-2A32D752A2FF}</UniqueIdentifier>
      <Extensions>cpp;c;cc;cxx;def;odl;idl;hpj;bat;asm;asmx</Extensions>
    </Filter>
    <Filter Include="Header Files">
      <UniqueIdentifier>{93995380-89BD-4b04-88EB-625FBE52EBFB}</UniqueIdentifier>
      <Extensions>h;hpp;hxx;hm;inl;inc;xsd</Extensions>
    </Filter>
    <Filter Include="Resource Files">
      <UniqueIdentifier>{67DA6AB6-F800-4c08-8B7A-83BB121AAD01}</UniqueIdentifier>
      <Extensions>rc;ico;cur;bmp;dlg;rc2;rct;bin;rgs;gif;jpg;jpeg;jpe;resx;tiff;tif;png;wav</Extensions>
    </Filter>
    <Filter Include="Generated Files">
      <UniqueIdentifier>{bf2ea4cd-08a9-4fa4-a426-d4490e17127c}</UniqueIdentifier>
    </Filter>
    <Filter Include="Notes">
      <UniqueIdentifier>{2b75ffd7-510d-4191-b863-a7f302d1cc5c}</UniqueIdentifier>
    </Filter>
    <Filter Include="Main">
      <UniqueIdentifier>{f0027b1d-7a1a-441f-a95c-d351621bcb9f}</UniqueIdentifier>
    </Filter>
    <Filter Include="Manuscripts">
      <UniqueIdentifier>{d9889fea-301f-41d4-8e65-5f5133e9593d}</UniqueIdentifier>
    </Filter>
    <Filter Include="Miscellaneous">
      <UniqueIdentifier>{c698b528-caa9-495c-a895-cdf7b4d4dd76}</UniqueIdentifier>
    </Filter>
  </ItemGroup>
  <ItemGroup>
    <ClCompile Include="hand-written code\assignment operator.cpp">
      <Filter>Source Files</Filter>
    </ClCompile>
    <ClCompile Include="hand-written code\colon.cpp">
      <Filter>Source Files</Filter>
    </ClCompile>
    <ClCompile Include="hand-written code\diag.cpp">
      <Filter>Source Files</Filter>
    </ClCompile>
    <ClCompile Include="hand-written code\eye.cpp">
      <Filter>Source Files</Filter>
    </ClCompile>
    <ClCompile Include="hand-written code\function operator.cpp">
      <Filter>Source Files</Filter>
    </ClCompile>
    <ClCompile Include="hand-written code\hilb.cpp">
      <Filter>Source Files</Filter>
    </ClCompile>
    <ClCompile Include="hand-written code\length.cpp">
      <Filter>Source Files</Filter>
    </ClCompile>
    <ClCompile Include="hand-written code\linspace.cpp">
      <Filter>Source Files</Filter>
    </ClCompile>
    <ClCompile Include="hand-written code\Matrix constractor.cpp">
      <Filter>Source Files</Filter>
    </ClCompile>
    <ClCompile Include="hand-written code\Matrix destractor.cpp">
      <Filter>Source Files</Filter>
    </ClCompile>
    <ClCompile Include="hand-written code\ones.cpp">
      <Filter>Source Files</Filter>
    </ClCompile>
    <ClCompile Include="hand-written code\polyval.cpp">
      <Filter>Source Files</Filter>
    </ClCompile>
    <ClCompile Include="hand-written code\rand.cpp">
      <Filter>Source Files</Filter>
    </ClCompile>
    <ClCompile Include="hand-written code\resize.cpp">
      <Filter>Source Files</Filter>
    </ClCompile>
    <ClCompile Include="hand-written code\size.cpp">
      <Filter>Source Files</Filter>
    </ClCompile>
    <ClCompile Include="hand-written code\stream extraction operator.cpp">
      <Filter>Source Files</Filter>
    </ClCompile>
    <ClCompile Include="hand-written code\stream insertion operator.cpp">
      <Filter>Source Files</Filter>
    </ClCompile>
    <ClCompile Include="hand-written code\tic-toc.cpp">
      <Filter>Source Files</Filter>
    </ClCompile>
    <ClCompile Include="hand-written code\toMatrix.cpp">
      <Filter>Source Files</Filter>
    </ClCompile>
    <ClCompile Include="hand-written code\transpose.cpp">
      <Filter>Source Files</Filter>
    </ClCompile>
    <ClCompile Include="hand-written code\Vector constractor.cpp">
      <Filter>Source Files</Filter>
    </ClCompile>
    <ClCompile Include="hand-written code\Vector destractor.cpp">
      <Filter>Source Files</Filter>
    </ClCompile>
    <ClCompile Include="hand-written code\zeros.cpp">
      <Filter>Source Files</Filter>
    </ClCompile>
    <ClCompile Include="generated code\abs.cpp">
      <Filter>Generated Files</Filter>
    </ClCompile>
    <ClCompile Include="generated code\acos.cpp">
      <Filter>Generated Files</Filter>
    </ClCompile>
    <ClCompile Include="generated code\all.cpp">
      <Filter>Generated Files</Filter>
    </ClCompile>
    <ClCompile Include="generated code\any.cpp">
      <Filter>Generated Files</Filter>
    </ClCompile>
    <ClCompile Include="generated code\asin.cpp">
      <Filter>Generated Files</Filter>
    </ClCompile>
    <ClCompile Include="generated code\atan.cpp">
      <Filter>Generated Files</Filter>
    </ClCompile>
    <ClCompile Include="generated code\bitwise and operator.cpp">
      <Filter>Generated Files</Filter>
    </ClCompile>
    <ClCompile Include="generated code\bitwise or operator.cpp">
      <Filter>Generated Files</Filter>
    </ClCompile>
    <ClCompile Include="generated code\bitwise Xor assignment operator.cpp">
      <Filter>Generated Files</Filter>
    </ClCompile>
    <ClCompile Include="generated code\bitwise Xor operator.cpp">
      <Filter>Generated Files</Filter>
    </ClCompile>
    <ClCompile Include="generated code\ceil.cpp">
      <Filter>Generated Files</Filter>
    </ClCompile>
    <ClCompile Include="generated code\cos.cpp">
      <Filter>Generated Files</Filter>
    </ClCompile>
    <ClCompile Include="generated code\cosh.cpp">
      <Filter>Generated Files</Filter>
    </ClCompile>
    <ClCompile Include="generated code\division assignment operator.cpp">
      <Filter>Generated Files</Filter>
    </ClCompile>
    <ClCompile Include="generated code\division operator.cpp">
      <Filter>Generated Files</Filter>
    </ClCompile>
    <ClCompile Include="generated code\equality operator.cpp">
      <Filter>Generated Files</Filter>
    </ClCompile>
    <ClCompile Include="generated code\exp.cpp">
      <Filter>Generated Files</Filter>
    </ClCompile>
    <ClCompile Include="generated code\floor.cpp">
      <Filter>Generated Files</Filter>
    </ClCompile>
    <ClCompile Include="generated code\greater than operator.cpp">
      <Filter>Generated Files</Filter>
    </ClCompile>
    <ClCompile Include="generated code\greater than or equal operator.cpp">
      <Filter>Generated Files</Filter>
    </ClCompile>
    <ClCompile Include="generated code\less than operator.cpp">
      <Filter>Generated Files</Filter>
    </ClCompile>
    <ClCompile Include="generated code\less than or equal operator.cpp">
      <Filter>Generated Files</Filter>
    </ClCompile>
    <ClCompile Include="generated code\log.cpp">
      <Filter>Generated Files</Filter>
    </ClCompile>
    <ClCompile Include="generated code\log10.cpp">
      <Filter>Generated Files</Filter>
    </ClCompile>
    <ClCompile Include="generated code\logical and operator.cpp">
      <Filter>Generated Files</Filter>
    </ClCompile>
    <ClCompile Include="generated code\logical not operator.cpp">
      <Filter>Generated Files</Filter>
    </ClCompile>
    <ClCompile Include="generated code\logical or operator.cpp">
      <Filter>Generated Files</Filter>
    </ClCompile>
    <ClCompile Include="generated code\max.cpp">
      <Filter>Generated Files</Filter>
    </ClCompile>
    <ClCompile Include="generated code\min.cpp">
      <Filter>Generated Files</Filter>
    </ClCompile>
    <ClCompile Include="generated code\modulus operator.cpp">
      <Filter>Generated Files</Filter>
    </ClCompile>
    <ClCompile Include="generated code\multiplication operator.cpp">
      <Filter>Generated Files</Filter>
    </ClCompile>
    <ClCompile Include="generated code\prod.cpp">
      <Filter>Generated Files</Filter>
    </ClCompile>
    <ClCompile Include="generated code\sin.cpp">
      <Filter>Generated Files</Filter>
    </ClCompile>
    <ClCompile Include="generated code\sinh.cpp">
      <Filter>Generated Files</Filter>
    </ClCompile>
    <ClCompile Include="generated code\sqrt.cpp">
      <Filter>Generated Files</Filter>
    </ClCompile>
    <ClCompile Include="generated code\subtraction operator.cpp">
      <Filter>Generated Files</Filter>
    </ClCompile>
    <ClCompile Include="generated code\sum.cpp">
      <Filter>Generated Files</Filter>
    </ClCompile>
    <ClCompile Include="generated code\tan.cpp">
      <Filter>Generated Files</Filter>
    </ClCompile>
    <ClCompile Include="generated code\tanh.cpp">
      <Filter>Generated Files</Filter>
    </ClCompile>
    <ClCompile Include="generated code\unary minus operator.cpp">
      <Filter>Generated Files</Filter>
    </ClCompile>
    <ClCompile Include="generated code\unary plus operator.cpp">
      <Filter>Generated Files</Filter>
    </ClCompile>
    <ClCompile Include="generated code\unequality operator.cpp">
      <Filter>Generated Files</Filter>
    </ClCompile>
    <ClCompile Include=".\main.cpp">
      <Filter>Main</Filter>
    </ClCompile>
    <ClCompile Include="generated code\addition operator.cpp">
      <Filter>Generated Files</Filter>
    </ClCompile>
    <ClCompile Include="generated code\multiplication assignment operator.cpp">
      <Filter>Generated Files</Filter>
    </ClCompile>
  </ItemGroup>
  <ItemGroup>
    <ClInclude Include="hand-written code\utility.h">
      <Filter>Header Files</Filter>
    </ClInclude>
    <ClInclude Include="hand-written code\colon.h">
      <Filter>Header Files</Filter>
    </ClInclude>
    <ClInclude Include="hand-written code\anticast.h">
      <Filter>Header Files</Filter>
    </ClInclude>
    <ClInclude Include="hand-written code\Real Matrices and Vectors.h">
      <Filter>Header Files</Filter>
    </ClInclude>
  </ItemGroup>
  <ItemGroup>
    <None Include="notes\assignment operator.txt">
      <Filter>Notes</Filter>
    </None>
    <None Include="notes\division assignment operator.txt">
      <Filter>Notes</Filter>
    </None>
    <None Include="notes\elementwise operations.txt">
      <Filter>Notes</Filter>
    </None>
    <None Include="notes\multiplication assignment operator.txt">
      <Filter>Notes</Filter>
    </None>
    <None Include="lines of code.xlsx">
      <Filter>Miscellaneous</Filter>
    </None>
    <None Include="scanned manuscripts\proof attempt.jpg">
      <Filter>Manuscripts</Filter>
    </None>
    <None Include="scanned manuscripts\diagram of pointer assignments.jpg">
      <Filter>Manuscripts</Filter>
    </None>
  </ItemGroup>
</Project>